// !$*UTF8*$!
{
	archiveVersion = 1;
	classes = {
	};
	objectVersion = 50;
	objects = {

/* Begin PBXBuildFile section */
		5B7C3936217E92E700078E4F /* AppDelegate.swift in Sources */ = {isa = PBXBuildFile; fileRef = 5B7C3935217E92E700078E4F /* AppDelegate.swift */; };
		5B7C393B217E92E700078E4F /* Main.storyboard in Resources */ = {isa = PBXBuildFile; fileRef = 5B7C3939217E92E700078E4F /* Main.storyboard */; };
		5B7C393D217E92E700078E4F /* Assets.xcassets in Resources */ = {isa = PBXBuildFile; fileRef = 5B7C393C217E92E700078E4F /* Assets.xcassets */; };
		5B7C3940217E92E700078E4F /* LaunchScreen.storyboard in Resources */ = {isa = PBXBuildFile; fileRef = 5B7C393E217E92E700078E4F /* LaunchScreen.storyboard */; };
		5B7C394B217E92E700078E4F /* iKidTests.swift in Sources */ = {isa = PBXBuildFile; fileRef = 5B7C394A217E92E700078E4F /* iKidTests.swift */; };
		5B7C3956217E92E700078E4F /* iKidUITests.swift in Sources */ = {isa = PBXBuildFile; fileRef = 5B7C3955217E92E700078E4F /* iKidUITests.swift */; };
		5B7C396A217EB76200078E4F /* GoodViewController.swift in Sources */ = {isa = PBXBuildFile; fileRef = 5B7C3969217EB76200078E4F /* GoodViewController.swift */; };
		5B7C396C217EB77100078E4F /* PunnyViewController.swift in Sources */ = {isa = PBXBuildFile; fileRef = 5B7C396B217EB77100078E4F /* PunnyViewController.swift */; };
		5B7C396E217EB78E00078E4F /* DadViewController.swift in Sources */ = {isa = PBXBuildFile; fileRef = 5B7C396D217EB78E00078E4F /* DadViewController.swift */; };
		5B7C3970217EB7A900078E4F /* KnockKnockViewController.swift in Sources */ = {isa = PBXBuildFile; fileRef = 5B7C396F217EB7A900078E4F /* KnockKnockViewController.swift */; };
		5BC6BB66217FDFD80045A79E /* GoodResolveViewController.swift in Sources */ = {isa = PBXBuildFile; fileRef = 5BC6BB65217FDFD80045A79E /* GoodResolveViewController.swift */; };
		5BC6BB68217FE01E0045A79E /* PunnyResolveViewController.swift in Sources */ = {isa = PBXBuildFile; fileRef = 5BC6BB67217FE01E0045A79E /* PunnyResolveViewController.swift */; };
		5BC6BB6A217FE0310045A79E /* DadResolveViewController.swift in Sources */ = {isa = PBXBuildFile; fileRef = 5BC6BB69217FE0310045A79E /* DadResolveViewController.swift */; };
		5BC6BB6C217FEE4E0045A79E /* GoodJokeView.swift in Sources */ = {isa = PBXBuildFile; fileRef = 5BC6BB6B217FEE4E0045A79E /* GoodJokeView.swift */; };
		5BC6BB6E217FF5CC0045A79E /* DadJokeView.swift in Sources */ = {isa = PBXBuildFile; fileRef = 5BC6BB6D217FF5CC0045A79E /* DadJokeView.swift */; };
		5BC6BB70217FF5E20045A79E /* PunnyJokeView.swift in Sources */ = {isa = PBXBuildFile; fileRef = 5BC6BB6F217FF5E20045A79E /* PunnyJokeView.swift */; };
/* End PBXBuildFile section */

/* Begin PBXContainerItemProxy section */
		5B7C3947217E92E700078E4F /* PBXContainerItemProxy */ = {
			isa = PBXContainerItemProxy;
			containerPortal = 5B7C392A217E92E700078E4F /* Project object */;
			proxyType = 1;
			remoteGlobalIDString = 5B7C3931217E92E700078E4F;
			remoteInfo = iKid;
		};
		5B7C3952217E92E700078E4F /* PBXContainerItemProxy */ = {
			isa = PBXContainerItemProxy;
			containerPortal = 5B7C392A217E92E700078E4F /* Project object */;
			proxyType = 1;
			remoteGlobalIDString = 5B7C3931217E92E700078E4F;
			remoteInfo = iKid;
		};
/* End PBXContainerItemProxy section */

/* Begin PBXFileReference section */
		5B7C3932217E92E700078E4F /* iKid.app */ = {isa = PBXFileReference; explicitFileType = wrapper.application; includeInIndex = 0; path = iKid.app; sourceTree = BUILT_PRODUCTS_DIR; };
		5B7C3935217E92E700078E4F /* AppDelegate.swift */ = {isa = PBXFileReference; lastKnownFileType = sourcecode.swift; path = AppDelegate.swift; sourceTree = "<group>"; };
		5B7C393A217E92E700078E4F /* Base */ = {isa = PBXFileReference; lastKnownFileType = file.storyboard; name = Base; path = Base.lproj/Main.storyboard; sourceTree = "<group>"; };
		5B7C393C217E92E700078E4F /* Assets.xcassets */ = {isa = PBXFileReference; lastKnownFileType = folder.assetcatalog; path = Assets.xcassets; sourceTree = "<group>"; };
		5B7C393F217E92E700078E4F /* Base */ = {isa = PBXFileReference; lastKnownFileType = file.storyboard; name = Base; path = Base.lproj/LaunchScreen.storyboard; sourceTree = "<group>"; };
		5B7C3941217E92E700078E4F /* Info.plist */ = {isa = PBXFileReference; lastKnownFileType = text.plist.xml; path = Info.plist; sourceTree = "<group>"; };
		5B7C3946217E92E700078E4F /* iKidTests.xctest */ = {isa = PBXFileReference; explicitFileType = wrapper.cfbundle; includeInIndex = 0; path = iKidTests.xctest; sourceTree = BUILT_PRODUCTS_DIR; };
		5B7C394A217E92E700078E4F /* iKidTests.swift */ = {isa = PBXFileReference; lastKnownFileType = sourcecode.swift; path = iKidTests.swift; sourceTree = "<group>"; };
		5B7C394C217E92E700078E4F /* Info.plist */ = {isa = PBXFileReference; lastKnownFileType = text.plist.xml; path = Info.plist; sourceTree = "<group>"; };
		5B7C3951217E92E700078E4F /* iKidUITests.xctest */ = {isa = PBXFileReference; explicitFileType = wrapper.cfbundle; includeInIndex = 0; path = iKidUITests.xctest; sourceTree = BUILT_PRODUCTS_DIR; };
		5B7C3955217E92E700078E4F /* iKidUITests.swift */ = {isa = PBXFileReference; lastKnownFileType = sourcecode.swift; path = iKidUITests.swift; sourceTree = "<group>"; };
		5B7C3957217E92E700078E4F /* Info.plist */ = {isa = PBXFileReference; lastKnownFileType = text.plist.xml; path = Info.plist; sourceTree = "<group>"; };
		5B7C3969217EB76200078E4F /* GoodViewController.swift */ = {isa = PBXFileReference; lastKnownFileType = sourcecode.swift; path = GoodViewController.swift; sourceTree = "<group>"; };
		5B7C396B217EB77100078E4F /* PunnyViewController.swift */ = {isa = PBXFileReference; lastKnownFileType = sourcecode.swift; path = PunnyViewController.swift; sourceTree = "<group>"; };
		5B7C396D217EB78E00078E4F /* DadViewController.swift */ = {isa = PBXFileReference; lastKnownFileType = sourcecode.swift; path = DadViewController.swift; sourceTree = "<group>"; };
		5B7C396F217EB7A900078E4F /* KnockKnockViewController.swift */ = {isa = PBXFileReference; lastKnownFileType = sourcecode.swift; path = KnockKnockViewController.swift; sourceTree = "<group>"; };
		5BC6BB65217FDFD80045A79E /* GoodResolveViewController.swift */ = {isa = PBXFileReference; lastKnownFileType = sourcecode.swift; path = GoodResolveViewController.swift; sourceTree = "<group>"; };
		5BC6BB67217FE01E0045A79E /* PunnyResolveViewController.swift */ = {isa = PBXFileReference; lastKnownFileType = sourcecode.swift; path = PunnyResolveViewController.swift; sourceTree = "<group>"; };
		5BC6BB69217FE0310045A79E /* DadResolveViewController.swift */ = {isa = PBXFileReference; lastKnownFileType = sourcecode.swift; path = DadResolveViewController.swift; sourceTree = "<group>"; };
		5BC6BB6B217FEE4E0045A79E /* GoodJokeView.swift */ = {isa = PBXFileReference; lastKnownFileType = sourcecode.swift; path = GoodJokeView.swift; sourceTree = "<group>"; };
		5BC6BB6D217FF5CC0045A79E /* DadJokeView.swift */ = {isa = PBXFileReference; lastKnownFileType = sourcecode.swift; path = DadJokeView.swift; sourceTree = "<group>"; };
		5BC6BB6F217FF5E20045A79E /* PunnyJokeView.swift */ = {isa = PBXFileReference; lastKnownFileType = sourcecode.swift; path = PunnyJokeView.swift; sourceTree = "<group>"; };
/* End PBXFileReference section */

/* Begin PBXFrameworksBuildPhase section */
		5B7C392F217E92E700078E4F /* Frameworks */ = {
			isa = PBXFrameworksBuildPhase;
			buildActionMask = 2147483647;
			files = (
			);
			runOnlyForDeploymentPostprocessing = 0;
		};
		5B7C3943217E92E700078E4F /* Frameworks */ = {
			isa = PBXFrameworksBuildPhase;
			buildActionMask = 2147483647;
			files = (
			);
			runOnlyForDeploymentPostprocessing = 0;
		};
		5B7C394E217E92E700078E4F /* Frameworks */ = {
			isa = PBXFrameworksBuildPhase;
			buildActionMask = 2147483647;
			files = (
			);
			runOnlyForDeploymentPostprocessing = 0;
		};
/* End PBXFrameworksBuildPhase section */

/* Begin PBXGroup section */
		5B7C3929217E92E700078E4F = {
			isa = PBXGroup;
			children = (
				5B7C3934217E92E700078E4F /* iKid */,
				5B7C3949217E92E700078E4F /* iKidTests */,
				5B7C3954217E92E700078E4F /* iKidUITests */,
				5B7C3933217E92E700078E4F /* Products */,
			);
			sourceTree = "<group>";
		};
		5B7C3933217E92E700078E4F /* Products */ = {
			isa = PBXGroup;
			children = (
				5B7C3932217E92E700078E4F /* iKid.app */,
				5B7C3946217E92E700078E4F /* iKidTests.xctest */,
				5B7C3951217E92E700078E4F /* iKidUITests.xctest */,
			);
			name = Products;
			sourceTree = "<group>";
		};
		5B7C3934217E92E700078E4F /* iKid */ = {
			isa = PBXGroup;
			children = (
				5B7C3935217E92E700078E4F /* AppDelegate.swift */,
				5B7C396F217EB7A900078E4F /* KnockKnockViewController.swift */,
				5B7C396D217EB78E00078E4F /* DadViewController.swift */,
				5B7C3969217EB76200078E4F /* GoodViewController.swift */,
				5B7C396B217EB77100078E4F /* PunnyViewController.swift */,
				5B7C3939217E92E700078E4F /* Main.storyboard */,
				5BC6BB6D217FF5CC0045A79E /* DadJokeView.swift */,
				5BC6BB6F217FF5E20045A79E /* PunnyJokeView.swift */,
				5BC6BB6B217FEE4E0045A79E /* GoodJokeView.swift */,
				5BC6BB65217FDFD80045A79E /* GoodResolveViewController.swift */,
				5BC6BB67217FE01E0045A79E /* PunnyResolveViewController.swift */,
				5BC6BB69217FE0310045A79E /* DadResolveViewController.swift */,
				5B7C393C217E92E700078E4F /* Assets.xcassets */,
				5B7C393E217E92E700078E4F /* LaunchScreen.storyboard */,
				5B7C3941217E92E700078E4F /* Info.plist */,
			);
			path = iKid;
			sourceTree = "<group>";
		};
		5B7C3949217E92E700078E4F /* iKidTests */ = {
			isa = PBXGroup;
			children = (
				5B7C394A217E92E700078E4F /* iKidTests.swift */,
				5B7C394C217E92E700078E4F /* Info.plist */,
			);
			path = iKidTests;
			sourceTree = "<group>";
		};
		5B7C3954217E92E700078E4F /* iKidUITests */ = {
			isa = PBXGroup;
			children = (
				5B7C3955217E92E700078E4F /* iKidUITests.swift */,
				5B7C3957217E92E700078E4F /* Info.plist */,
			);
			path = iKidUITests;
			sourceTree = "<group>";
		};
/* End PBXGroup section */

/* Begin PBXNativeTarget section */
		5B7C3931217E92E700078E4F /* iKid */ = {
			isa = PBXNativeTarget;
			buildConfigurationList = 5B7C395A217E92E700078E4F /* Build configuration list for PBXNativeTarget "iKid" */;
			buildPhases = (
				5B7C392E217E92E700078E4F /* Sources */,
				5B7C392F217E92E700078E4F /* Frameworks */,
				5B7C3930217E92E700078E4F /* Resources */,
			);
			buildRules = (
			);
			dependencies = (
			);
			name = iKid;
			productName = iKid;
			productReference = 5B7C3932217E92E700078E4F /* iKid.app */;
			productType = "com.apple.product-type.application";
		};
		5B7C3945217E92E700078E4F /* iKidTests */ = {
			isa = PBXNativeTarget;
			buildConfigurationList = 5B7C395D217E92E700078E4F /* Build configuration list for PBXNativeTarget "iKidTests" */;
			buildPhases = (
				5B7C3942217E92E700078E4F /* Sources */,
				5B7C3943217E92E700078E4F /* Frameworks */,
				5B7C3944217E92E700078E4F /* Resources */,
			);
			buildRules = (
			);
			dependencies = (
				5B7C3948217E92E700078E4F /* PBXTargetDependency */,
			);
			name = iKidTests;
			productName = iKidTests;
			productReference = 5B7C3946217E92E700078E4F /* iKidTests.xctest */;
			productType = "com.apple.product-type.bundle.unit-test";
		};
		5B7C3950217E92E700078E4F /* iKidUITests */ = {
			isa = PBXNativeTarget;
			buildConfigurationList = 5B7C3960217E92E700078E4F /* Build configuration list for PBXNativeTarget "iKidUITests" */;
			buildPhases = (
				5B7C394D217E92E700078E4F /* Sources */,
				5B7C394E217E92E700078E4F /* Frameworks */,
				5B7C394F217E92E700078E4F /* Resources */,
			);
			buildRules = (
			);
			dependencies = (
				5B7C3953217E92E700078E4F /* PBXTargetDependency */,
			);
			name = iKidUITests;
			productName = iKidUITests;
			productReference = 5B7C3951217E92E700078E4F /* iKidUITests.xctest */;
			productType = "com.apple.product-type.bundle.ui-testing";
		};
/* End PBXNativeTarget section */

/* Begin PBXProject section */
		5B7C392A217E92E700078E4F /* Project object */ = {
			isa = PBXProject;
			attributes = {
				LastSwiftUpdateCheck = 1000;
				LastUpgradeCheck = 1000;
				ORGANIZATIONNAME = "Ronald Tang";
				TargetAttributes = {
					5B7C3931217E92E700078E4F = {
						CreatedOnToolsVersion = 10.0;
					};
					5B7C3945217E92E700078E4F = {
						CreatedOnToolsVersion = 10.0;
						TestTargetID = 5B7C3931217E92E700078E4F;
					};
					5B7C3950217E92E700078E4F = {
						CreatedOnToolsVersion = 10.0;
						TestTargetID = 5B7C3931217E92E700078E4F;
					};
				};
			};
			buildConfigurationList = 5B7C392D217E92E700078E4F /* Build configuration list for PBXProject "iKid" */;
			compatibilityVersion = "Xcode 9.3";
			developmentRegion = en;
			hasScannedForEncodings = 0;
			knownRegions = (
				en,
				Base,
			);
			mainGroup = 5B7C3929217E92E700078E4F;
			productRefGroup = 5B7C3933217E92E700078E4F /* Products */;
			projectDirPath = "";
			projectRoot = "";
			targets = (
				5B7C3931217E92E700078E4F /* iKid */,
				5B7C3945217E92E700078E4F /* iKidTests */,
				5B7C3950217E92E700078E4F /* iKidUITests */,
			);
		};
/* End PBXProject section */

/* Begin PBXResourcesBuildPhase section */
		5B7C3930217E92E700078E4F /* Resources */ = {
			isa = PBXResourcesBuildPhase;
			buildActionMask = 2147483647;
			files = (
				5B7C3940217E92E700078E4F /* LaunchScreen.storyboard in Resources */,
				5B7C393D217E92E700078E4F /* Assets.xcassets in Resources */,
				5B7C393B217E92E700078E4F /* Main.storyboard in Resources */,
			);
			runOnlyForDeploymentPostprocessing = 0;
		};
		5B7C3944217E92E700078E4F /* Resources */ = {
			isa = PBXResourcesBuildPhase;
			buildActionMask = 2147483647;
			files = (
			);
			runOnlyForDeploymentPostprocessing = 0;
		};
		5B7C394F217E92E700078E4F /* Resources */ = {
			isa = PBXResourcesBuildPhase;
			buildActionMask = 2147483647;
			files = (
			);
			runOnlyForDeploymentPostprocessing = 0;
		};
/* End PBXResourcesBuildPhase section */

/* Begin PBXSourcesBuildPhase section */
		5B7C392E217E92E700078E4F /* Sources */ = {
			isa = PBXSourcesBuildPhase;
			buildActionMask = 2147483647;
			files = (
				5B7C396C217EB77100078E4F /* PunnyViewController.swift in Sources */,
				5BC6BB70217FF5E20045A79E /* PunnyJokeView.swift in Sources */,
				5BC6BB6E217FF5CC0045A79E /* DadJokeView.swift in Sources */,
				5BC6BB6A217FE0310045A79E /* DadResolveViewController.swift in Sources */,
				5B7C3936217E92E700078E4F /* AppDelegate.swift in Sources */,
				5BC6BB6C217FEE4E0045A79E /* GoodJokeView.swift in Sources */,
				5BC6BB66217FDFD80045A79E /* GoodResolveViewController.swift in Sources */,
				5BC6BB68217FE01E0045A79E /* PunnyResolveViewController.swift in Sources */,
				5B7C396E217EB78E00078E4F /* DadViewController.swift in Sources */,
				5B7C3970217EB7A900078E4F /* KnockKnockViewController.swift in Sources */,
				5B7C396A217EB76200078E4F /* GoodViewController.swift in Sources */,
			);
			runOnlyForDeploymentPostprocessing = 0;
		};
		5B7C3942217E92E700078E4F /* Sources */ = {
			isa = PBXSourcesBuildPhase;
			buildActionMask = 2147483647;
			files = (
				5B7C394B217E92E700078E4F /* iKidTests.swift in Sources */,
			);
			runOnlyForDeploymentPostprocessing = 0;
		};
		5B7C394D217E92E700078E4F /* Sources */ = {
			isa = PBXSourcesBuildPhase;
			buildActionMask = 2147483647;
			files = (
				5B7C3956217E92E700078E4F /* iKidUITests.swift in Sources */,
			);
			runOnlyForDeploymentPostprocessing = 0;
		};
/* End PBXSourcesBuildPhase section */

/* Begin PBXTargetDependency section */
		5B7C3948217E92E700078E4F /* PBXTargetDependency */ = {
			isa = PBXTargetDependency;
			target = 5B7C3931217E92E700078E4F /* iKid */;
			targetProxy = 5B7C3947217E92E700078E4F /* PBXContainerItemProxy */;
		};
		5B7C3953217E92E700078E4F /* PBXTargetDependency */ = {
			isa = PBXTargetDependency;
			target = 5B7C3931217E92E700078E4F /* iKid */;
			targetProxy = 5B7C3952217E92E700078E4F /* PBXContainerItemProxy */;
		};
/* End PBXTargetDependency section */

/* Begin PBXVariantGroup section */
		5B7C3939217E92E700078E4F /* Main.storyboard */ = {
			isa = PBXVariantGroup;
			children = (
				5B7C393A217E92E700078E4F /* Base */,
			);
			name = Main.storyboard;
			sourceTree = "<group>";
		};
		5B7C393E217E92E700078E4F /* LaunchScreen.storyboard */ = {
			isa = PBXVariantGroup;
			children = (
				5B7C393F217E92E700078E4F /* Base */,
			);
			name = LaunchScreen.storyboard;
			sourceTree = "<group>";
		};
/* End PBXVariantGroup section */

/* Begin XCBuildConfiguration section */
		5B7C3958217E92E700078E4F /* Debug */ = {
			isa = XCBuildConfiguration;
			buildSettings = {
				ALWAYS_SEARCH_USER_PATHS = NO;
				CLANG_ANALYZER_NONNULL = YES;
				CLANG_ANALYZER_NUMBER_OBJECT_CONVERSION = YES_AGGRESSIVE;
				CLANG_CXX_LANGUAGE_STANDARD = "gnu++14";
				CLANG_CXX_LIBRARY = "libc++";
				CLANG_ENABLE_MODULES = YES;
				CLANG_ENABLE_OBJC_ARC = YES;
				CLANG_ENABLE_OBJC_WEAK = YES;
				CLANG_WARN_BLOCK_CAPTURE_AUTORELEASING = YES;
				CLANG_WARN_BOOL_CONVERSION = YES;
				CLANG_WARN_COMMA = YES;
				CLANG_WARN_CONSTANT_CONVERSION = YES;
				CLANG_WARN_DEPRECATED_OBJC_IMPLEMENTATIONS = YES;
				CLANG_WARN_DIRECT_OBJC_ISA_USAGE = YES_ERROR;
				CLANG_WARN_DOCUMENTATION_COMMENTS = YES;
				CLANG_WARN_EMPTY_BODY = YES;
				CLANG_WARN_ENUM_CONVERSION = YES;
				CLANG_WARN_INFINITE_RECURSION = YES;
				CLANG_WARN_INT_CONVERSION = YES;
				CLANG_WARN_NON_LITERAL_NULL_CONVERSION = YES;
				CLANG_WARN_OBJC_IMPLICIT_RETAIN_SELF = YES;
				CLANG_WARN_OBJC_LITERAL_CONVERSION = YES;
				CLANG_WARN_OBJC_ROOT_CLASS = YES_ERROR;
				CLANG_WARN_RANGE_LOOP_ANALYSIS = YES;
				CLANG_WARN_STRICT_PROTOTYPES = YES;
				CLANG_WARN_SUSPICIOUS_MOVE = YES;
				CLANG_WARN_UNGUARDED_AVAILABILITY = YES_AGGRESSIVE;
				CLANG_WARN_UNREACHABLE_CODE = YES;
				CLANG_WARN__DUPLICATE_METHOD_MATCH = YES;
				CODE_SIGN_IDENTITY = "iPhone Developer";
				COPY_PHASE_STRIP = NO;
				DEBUG_INFORMATION_FORMAT = dwarf;
				ENABLE_STRICT_OBJC_MSGSEND = YES;
				ENABLE_TESTABILITY = YES;
				GCC_C_LANGUAGE_STANDARD = gnu11;
				GCC_DYNAMIC_NO_PIC = NO;
				GCC_NO_COMMON_BLOCKS = YES;
				GCC_OPTIMIZATION_LEVEL = 0;
				GCC_PREPROCESSOR_DEFINITIONS = (
					"DEBUG=1",
					"$(inherited)",
				);
				GCC_WARN_64_TO_32_BIT_CONVERSION = YES;
				GCC_WARN_ABOUT_RETURN_TYPE = YES_ERROR;
				GCC_WARN_UNDECLARED_SELECTOR = YES;
				GCC_WARN_UNINITIALIZED_AUTOS = YES_AGGRESSIVE;
				GCC_WARN_UNUSED_FUNCTION = YES;
				GCC_WARN_UNUSED_VARIABLE = YES;
				IPHONEOS_DEPLOYMENT_TARGET = 12.0;
				MTL_ENABLE_DEBUG_INFO = INCLUDE_SOURCE;
				MTL_FAST_MATH = YES;
				ONLY_ACTIVE_ARCH = YES;
				SDKROOT = iphoneos;
				SWIFT_ACTIVE_COMPILATION_CONDITIONS = DEBUG;
				SWIFT_OPTIMIZATION_LEVEL = "-Onone";
			};
			name = Debug;
		};
		5B7C3959217E92E700078E4F /* Release */ = {
			isa = XCBuildConfiguration;
			buildSettings = {
				ALWAYS_SEARCH_USER_PATHS = NO;
				CLANG_ANALYZER_NONNULL = YES;
				CLANG_ANALYZER_NUMBER_OBJECT_CONVERSION = YES_AGGRESSIVE;
				CLANG_CXX_LANGUAGE_STANDARD = "gnu++14";
				CLANG_CXX_LIBRARY = "libc++";
				CLANG_ENABLE_MODULES = YES;
				CLANG_ENABLE_OBJC_ARC = YES;
				CLANG_ENABLE_OBJC_WEAK = YES;
				CLANG_WARN_BLOCK_CAPTURE_AUTORELEASING = YES;
				CLANG_WARN_BOOL_CONVERSION = YES;
				CLANG_WARN_COMMA = YES;
				CLANG_WARN_CONSTANT_CONVERSION = YES;
				CLANG_WARN_DEPRECATED_OBJC_IMPLEMENTATIONS = YES;
				CLANG_WARN_DIRECT_OBJC_ISA_USAGE = YES_ERROR;
				CLANG_WARN_DOCUMENTATION_COMMENTS = YES;
				CLANG_WARN_EMPTY_BODY = YES;
				CLANG_WARN_ENUM_CONVERSION = YES;
				CLANG_WARN_INFINITE_RECURSION = YES;
				CLANG_WARN_INT_CONVERSION = YES;
				CLANG_WARN_NON_LITERAL_NULL_CONVERSION = YES;
				CLANG_WARN_OBJC_IMPLICIT_RETAIN_SELF = YES;
				CLANG_WARN_OBJC_LITERAL_CONVERSION = YES;
				CLANG_WARN_OBJC_ROOT_CLASS = YES_ERROR;
				CLANG_WARN_RANGE_LOOP_ANALYSIS = YES;
				CLANG_WARN_STRICT_PROTOTYPES = YES;
				CLANG_WARN_SUSPICIOUS_MOVE = YES;
				CLANG_WARN_UNGUARDED_AVAILABILITY = YES_AGGRESSIVE;
				CLANG_WARN_UNREACHABLE_CODE = YES;
				CLANG_WARN__DUPLICATE_METHOD_MATCH = YES;
				CODE_SIGN_IDENTITY = "iPhone Developer";
				COPY_PHASE_STRIP = NO;
				DEBUG_INFORMATION_FORMAT = "dwarf-with-dsym";
				ENABLE_NS_ASSERTIONS = NO;
				ENABLE_STRICT_OBJC_MSGSEND = YES;
				GCC_C_LANGUAGE_STANDARD = gnu11;
				GCC_NO_COMMON_BLOCKS = YES;
				GCC_WARN_64_TO_32_BIT_CONVERSION = YES;
				GCC_WARN_ABOUT_RETURN_TYPE = YES_ERROR;
				GCC_WARN_UNDECLARED_SELECTOR = YES;
				GCC_WARN_UNINITIALIZED_AUTOS = YES_AGGRESSIVE;
				GCC_WARN_UNUSED_FUNCTION = YES;
				GCC_WARN_UNUSED_VARIABLE = YES;
				IPHONEOS_DEPLOYMENT_TARGET = 12.0;
				MTL_ENABLE_DEBUG_INFO = NO;
				MTL_FAST_MATH = YES;
				SDKROOT = iphoneos;
				SWIFT_COMPILATION_MODE = wholemodule;
				SWIFT_OPTIMIZATION_LEVEL = "-O";
				VALIDATE_PRODUCT = YES;
			};
			name = Release;
		};
		5B7C395B217E92E700078E4F /* Debug */ = {
			isa = XCBuildConfiguration;
			buildSettings = {
				ASSETCATALOG_COMPILER_APPICON_NAME = AppIcon;
				CODE_SIGN_STYLE = Automatic;
				DEVELOPMENT_TEAM = WK26BULD9V;
				INFOPLIST_FILE = iKid/Info.plist;
				LD_RUNPATH_SEARCH_PATHS = (
					"$(inherited)",
					"@executable_path/Frameworks",
				);
				PRODUCT_BUNDLE_IDENTIFIER = edu.uw.ischool.iKido;
				PRODUCT_NAME = "$(TARGET_NAME)";
				SWIFT_VERSION = 4.2;
				TARGETED_DEVICE_FAMILY = "1,2";
			};
			name = Debug;
		};
		5B7C395C217E92E700078E4F /* Release */ = {
			isa = XCBuildConfiguration;
			buildSettings = {
				ASSETCATALOG_COMPILER_APPICON_NAME = AppIcon;
				CODE_SIGN_STYLE = Automatic;
				DEVELOPMENT_TEAM = WK26BULD9V;
				INFOPLIST_FILE = iKid/Info.plist;
				LD_RUNPATH_SEARCH_PATHS = (
					"$(inherited)",
					"@executable_path/Frameworks",
				);
				PRODUCT_BUNDLE_IDENTIFIER = edu.uw.ischool.iKido;
				PRODUCT_NAME = "$(TARGET_NAME)";
				SWIFT_VERSION = 4.2;
				TARGETED_DEVICE_FAMILY = "1,2";
			};
			name = Release;
		};
		5B7C395E217E92E700078E4F /* Debug */ = {
			isa = XCBuildConfiguration;
			buildSettings = {
				ALWAYS_EMBED_SWIFT_STANDARD_LIBRARIES = YES;
				BUNDLE_LOADER = "$(TEST_HOST)";
				CODE_SIGN_STYLE = Automatic;
				INFOPLIST_FILE = iKidTests/Info.plist;
				LD_RUNPATH_SEARCH_PATHS = (
					"$(inherited)",
					"@executable_path/Frameworks",
					"@loader_path/Frameworks",
				);
				PRODUCT_BUNDLE_IDENTIFIER = edu.uw.ischool.iKidTests;
				PRODUCT_NAME = "$(TARGET_NAME)";
				SWIFT_VERSION = 4.2;
				TARGETED_DEVICE_FAMILY = "1,2";
				TEST_HOST = "$(BUILT_PRODUCTS_DIR)/iKid.app/iKid";
			};
			name = Debug;
		};
		5B7C395F217E92E700078E4F /* Release */ = {
			isa = XCBuildConfiguration;
			buildSettings = {
				ALWAYS_EMBED_SWIFT_STANDARD_LIBRARIES = YES;
				BUNDLE_LOADER = "$(TEST_HOST)";
				CODE_SIGN_STYLE = Automatic;
				INFOPLIST_FILE = iKidTests/Info.plist;
				LD_RUNPATH_SEARCH_PATHS = (
					"$(inherited)",
					"@executable_path/Frameworks",
					"@loader_path/Frameworks",
				);
				PRODUCT_BUNDLE_IDENTIFIER = edu.uw.ischool.iKidTests;
				PRODUCT_NAME = "$(TARGET_NAME)";
				SWIFT_VERSION = 4.2;
				TARGETED_DEVICE_FAMILY = "1,2";
				TEST_HOST = "$(BUILT_PRODUCTS_DIR)/iKid.app/iKid";
			};
			name = Release;
		};
		5B7C3961217E92E700078E4F /* Debug */ = {
			isa = XCBuildConfiguration;
			buildSettings = {
				ALWAYS_EMBED_SWIFT_STANDARD_LIBRARIES = YES;
				CODE_SIGN_STYLE = Automatic;
				INFOPLIST_FILE = iKidUITests/Info.plist;
				LD_RUNPATH_SEARCH_PATHS = (
					"$(inherited)",
					"@executable_path/Frameworks",
					"@loader_path/Frameworks",
				);
				PRODUCT_BUNDLE_IDENTIFIER = edu.uw.ischool.iKidUITests;
				PRODUCT_NAME = "$(TARGET_NAME)";
				SWIFT_VERSION = 4.2;
				TARGETED_DEVICE_FAMILY = "1,2";
				TEST_TARGET_NAME = iKid;
			};
			name = Debug;
		};
		5B7C3962217E92E700078E4F /* Release */ = {
			isa = XCBuildConfiguration;
			buildSettings = {
				ALWAYS_EMBED_SWIFT_STANDARD_LIBRARIES = YES;
				CODE_SIGN_STYLE = Automatic;
				INFOPLIST_FILE = iKidUITests/Info.plist;
				LD_RUNPATH_SEARCH_PATHS = (
					"$(inherited)",
					"@executable_path/Frameworks",
					"@loader_path/Frameworks",
				);
				PRODUCT_BUNDLE_IDENTIFIER = edu.uw.ischool.iKidUITests;
				PRODUCT_NAME = "$(TARGET_NAME)";
				SWIFT_VERSION = 4.2;
				TARGETED_DEVICE_FAMILY = "1,2";
				TEST_TARGET_NAME = iKid;
			};
			name = Release;
		};
/* End XCBuildConfiguration section */

/* Begin XCConfigurationList section */
		5B7C392D217E92E700078E4F /* Build configuration list for PBXProject "iKid" */ = {
			isa = XCConfigurationList;
			buildConfigurations = (
				5B7C3958217E92E700078E4F /* Debug */,
				5B7C3959217E92E700078E4F /* Release */,
			);
			defaultConfigurationIsVisible = 0;
			defaultConfigurationName = Release;
		};
		5B7C395A217E92E700078E4F /* Build configuration list for PBXNativeTarget "iKid" */ = {
			isa = XCConfigurationList;
			buildConfigurations = (
				5B7C395B217E92E700078E4F /* Debug */,
				5B7C395C217E92E700078E4F /* Release */,
			);
			defaultConfigurationIsVisible = 0;
			defaultConfigurationName = Release;
		};
		5B7C395D217E92E700078E4F /* Build configuration list for PBXNativeTarget "iKidTests" */ = {
			isa = XCConfigurationList;
			buildConfigurations = (
				5B7C395E217E92E700078E4F /* Debug */,
				5B7C395F217E92E700078E4F /* Release */,
			);
			defaultConfigurationIsVisible = 0;
			defaultConfigurationName = Release;
		};
		5B7C3960217E92E700078E4F /* Build configuration list for PBXNativeTarget "iKidUITests" */ = {
			isa = XCConfigurationList;
			buildConfigurations = (
				5B7C3961217E92E700078E4F /* Debug */,
				5B7C3962217E92E700078E4F /* Release */,
			);
			defaultConfigurationIsVisible = 0;
			defaultConfigurationName = Release;
		};
/* End XCConfigurationList section */
	};
	rootObject = 5B7C392A217E92E700078E4F /* Project object */;
}
